// !$*UTF8*$!
{
	archiveVersion = 1;
	classes = {
	};
	objectVersion = 50;
	objects = {

/* Begin PBXBuildFile section */
		4380BA0C26AB1565006A25F9 /* AppDelegate.swift in Sources */ = {isa = PBXBuildFile; fileRef = 4380BA0B26AB1565006A25F9 /* AppDelegate.swift */; };
		4380BA0E26AB1565006A25F9 /* SceneDelegate.swift in Sources */ = {isa = PBXBuildFile; fileRef = 4380BA0D26AB1565006A25F9 /* SceneDelegate.swift */; };
		4380BA1026AB1565006A25F9 /* ViewController.swift in Sources */ = {isa = PBXBuildFile; fileRef = 4380BA0F26AB1565006A25F9 /* ViewController.swift */; };
		4380BA1326AB1565006A25F9 /* Main.storyboard in Resources */ = {isa = PBXBuildFile; fileRef = 4380BA1126AB1565006A25F9 /* Main.storyboard */; };
		4380BA1526AB1566006A25F9 /* Assets.xcassets in Resources */ = {isa = PBXBuildFile; fileRef = 4380BA1426AB1566006A25F9 /* Assets.xcassets */; };
		4380BA1826AB1566006A25F9 /* LaunchScreen.storyboard in Resources */ = {isa = PBXBuildFile; fileRef = 4380BA1626AB1566006A25F9 /* LaunchScreen.storyboard */; };
		4380BA2126AB1C1B006A25F9 /* Episode.swift in Sources */ = {isa = PBXBuildFile; fileRef = 4380BA2026AB1C1B006A25F9 /* Episode.swift */; };
		4380BA2826AB1E54006A25F9 /* EpisodesController.swift in Sources */ = {isa = PBXBuildFile; fileRef = 4380BA2626AB1E54006A25F9 /* EpisodesController.swift */; };
		4380BA2D26AB1EBD006A25F9 /* EpisodeCell.swift in Sources */ = {isa = PBXBuildFile; fileRef = 4380BA2B26AB1EBD006A25F9 /* EpisodeCell.swift */; };
		4380BA2E26AB1EBD006A25F9 /* EpisodeCell.xib in Resources */ = {isa = PBXBuildFile; fileRef = 4380BA2C26AB1EBD006A25F9 /* EpisodeCell.xib */; };
/* End PBXBuildFile section */

/* Begin PBXFileReference section */
		4380BA0826AB1565006A25F9 /* CombineUIKit.app */ = {isa = PBXFileReference; explicitFileType = wrapper.application; includeInIndex = 0; path = CombineUIKit.app; sourceTree = BUILT_PRODUCTS_DIR; };
		4380BA0B26AB1565006A25F9 /* AppDelegate.swift */ = {isa = PBXFileReference; lastKnownFileType = sourcecode.swift; path = AppDelegate.swift; sourceTree = "<group>"; };
		4380BA0D26AB1565006A25F9 /* SceneDelegate.swift */ = {isa = PBXFileReference; lastKnownFileType = sourcecode.swift; path = SceneDelegate.swift; sourceTree = "<group>"; };
		4380BA0F26AB1565006A25F9 /* ViewController.swift */ = {isa = PBXFileReference; lastKnownFileType = sourcecode.swift; path = ViewController.swift; sourceTree = "<group>"; };
		4380BA1226AB1565006A25F9 /* Base */ = {isa = PBXFileReference; lastKnownFileType = file.storyboard; name = Base; path = Base.lproj/Main.storyboard; sourceTree = "<group>"; };
		4380BA1426AB1566006A25F9 /* Assets.xcassets */ = {isa = PBXFileReference; lastKnownFileType = folder.assetcatalog; path = Assets.xcassets; sourceTree = "<group>"; };
		4380BA1726AB1566006A25F9 /* Base */ = {isa = PBXFileReference; lastKnownFileType = file.storyboard; name = Base; path = Base.lproj/LaunchScreen.storyboard; sourceTree = "<group>"; };
		4380BA1926AB1566006A25F9 /* Info.plist */ = {isa = PBXFileReference; lastKnownFileType = text.plist.xml; path = Info.plist; sourceTree = "<group>"; };
		4380BA2026AB1C1B006A25F9 /* Episode.swift */ = {isa = PBXFileReference; lastKnownFileType = sourcecode.swift; path = Episode.swift; sourceTree = "<group>"; };
		4380BA2626AB1E54006A25F9 /* EpisodesController.swift */ = {isa = PBXFileReference; lastKnownFileType = sourcecode.swift; path = EpisodesController.swift; sourceTree = "<group>"; };
		4380BA2B26AB1EBD006A25F9 /* EpisodeCell.swift */ = {isa = PBXFileReference; lastKnownFileType = sourcecode.swift; path = EpisodeCell.swift; sourceTree = "<group>"; };
		4380BA2C26AB1EBD006A25F9 /* EpisodeCell.xib */ = {isa = PBXFileReference; lastKnownFileType = file.xib; path = EpisodeCell.xib; sourceTree = "<group>"; };
/* End PBXFileReference section */

/* Begin PBXFrameworksBuildPhase section */
		4380BA0526AB1565006A25F9 /* Frameworks */ = {
			isa = PBXFrameworksBuildPhase;
			buildActionMask = 2147483647;
			files = (
			);
			runOnlyForDeploymentPostprocessing = 0;
		};
/* End PBXFrameworksBuildPhase section */

/* Begin PBXGroup section */
		4380B9FF26AB1565006A25F9 = {
			isa = PBXGroup;
			children = (
				4380BA0A26AB1565006A25F9 /* CombineUIKit */,
				4380BA0926AB1565006A25F9 /* Products */,
			);
			sourceTree = "<group>";
		};
		4380BA0926AB1565006A25F9 /* Products */ = {
			isa = PBXGroup;
			children = (
				4380BA0826AB1565006A25F9 /* CombineUIKit.app */,
			);
			name = Products;
			sourceTree = "<group>";
		};
		4380BA0A26AB1565006A25F9 /* CombineUIKit */ = {
			isa = PBXGroup;
			children = (
				4380BA2F26AB1ED6006A25F9 /* Utils */,
				4380BA1F26AB1BC5006A25F9 /* Models */,
				4380BA2326AB1DCD006A25F9 /* Modules */,
				4380BA0B26AB1565006A25F9 /* AppDelegate.swift */,
				4380BA0D26AB1565006A25F9 /* SceneDelegate.swift */,
				4380BA0F26AB1565006A25F9 /* ViewController.swift */,
				4380BA1126AB1565006A25F9 /* Main.storyboard */,
				4380BA1426AB1566006A25F9 /* Assets.xcassets */,
				4380BA1626AB1566006A25F9 /* LaunchScreen.storyboard */,
				4380BA1926AB1566006A25F9 /* Info.plist */,
			);
			path = CombineUIKit;
			sourceTree = "<group>";
		};
		4380BA1F26AB1BC5006A25F9 /* Models */ = {
			isa = PBXGroup;
			children = (
				4380BA2026AB1C1B006A25F9 /* Episode.swift */,
			);
			path = Models;
			sourceTree = "<group>";
		};
		4380BA2326AB1DCD006A25F9 /* Modules */ = {
			isa = PBXGroup;
			children = (
				4380BA2526AB1E2E006A25F9 /* Episodes */,
			);
			path = Modules;
			sourceTree = "<group>";
		};
		4380BA2526AB1E2E006A25F9 /* Episodes */ = {
			isa = PBXGroup;
			children = (
				4380BA2A26AB1E95006A25F9 /* Views */,
				4380BA2626AB1E54006A25F9 /* EpisodesController.swift */,
			);
			path = Episodes;
			sourceTree = "<group>";
		};
		4380BA2A26AB1E95006A25F9 /* Views */ = {
			isa = PBXGroup;
			children = (
				4380BA2B26AB1EBD006A25F9 /* EpisodeCell.swift */,
				4380BA2C26AB1EBD006A25F9 /* EpisodeCell.xib */,
			);
			path = Views;
			sourceTree = "<group>";
		};
		4380BA2F26AB1ED6006A25F9 /* Utils */ = {
			isa = PBXGroup;
			children = (
			);
			path = Utils;
			sourceTree = "<group>";
		};
/* End PBXGroup section */

/* Begin PBXNativeTarget section */
		4380BA0726AB1565006A25F9 /* CombineUIKit */ = {
			isa = PBXNativeTarget;
			buildConfigurationList = 4380BA1C26AB1566006A25F9 /* Build configuration list for PBXNativeTarget "CombineUIKit" */;
			buildPhases = (
				4380BA0426AB1565006A25F9 /* Sources */,
				4380BA0526AB1565006A25F9 /* Frameworks */,
				4380BA0626AB1565006A25F9 /* Resources */,
			);
			buildRules = (
			);
			dependencies = (
			);
			name = CombineUIKit;
			productName = CombineUIKit;
			productReference = 4380BA0826AB1565006A25F9 /* CombineUIKit.app */;
			productType = "com.apple.product-type.application";
		};
/* End PBXNativeTarget section */

/* Begin PBXProject section */
		4380BA0026AB1565006A25F9 /* Project object */ = {
			isa = PBXProject;
			attributes = {
				LastSwiftUpdateCheck = 1250;
				LastUpgradeCheck = 1250;
				TargetAttributes = {
					4380BA0726AB1565006A25F9 = {
						CreatedOnToolsVersion = 12.5;
					};
				};
			};
			buildConfigurationList = 4380BA0326AB1565006A25F9 /* Build configuration list for PBXProject "CombineUIKit" */;
			compatibilityVersion = "Xcode 9.3";
			developmentRegion = en;
			hasScannedForEncodings = 0;
			knownRegions = (
				en,
				Base,
			);
			mainGroup = 4380B9FF26AB1565006A25F9;
			productRefGroup = 4380BA0926AB1565006A25F9 /* Products */;
			projectDirPath = "";
			projectRoot = "";
			targets = (
				4380BA0726AB1565006A25F9 /* CombineUIKit */,
			);
		};
/* End PBXProject section */

/* Begin PBXResourcesBuildPhase section */
		4380BA0626AB1565006A25F9 /* Resources */ = {
			isa = PBXResourcesBuildPhase;
			buildActionMask = 2147483647;
			files = (
				4380BA1826AB1566006A25F9 /* LaunchScreen.storyboard in Resources */,
				4380BA2E26AB1EBD006A25F9 /* EpisodeCell.xib in Resources */,
				4380BA1526AB1566006A25F9 /* Assets.xcassets in Resources */,
				4380BA1326AB1565006A25F9 /* Main.storyboard in Resources */,
			);
			runOnlyForDeploymentPostprocessing = 0;
		};
/* End PBXResourcesBuildPhase section */

/* Begin PBXSourcesBuildPhase section */
		4380BA0426AB1565006A25F9 /* Sources */ = {
			isa = PBXSourcesBuildPhase;
			buildActionMask = 2147483647;
			files = (
				4380BA1026AB1565006A25F9 /* ViewController.swift in Sources */,
				4380BA2826AB1E54006A25F9 /* EpisodesController.swift in Sources */,
				4380BA2126AB1C1B006A25F9 /* Episode.swift in Sources */,
				4380BA0C26AB1565006A25F9 /* AppDelegate.swift in Sources */,
				4380BA0E26AB1565006A25F9 /* SceneDelegate.swift in Sources */,
				4380BA2D26AB1EBD006A25F9 /* EpisodeCell.swift in Sources */,
			);
			runOnlyForDeploymentPostprocessing = 0;
		};
/* End PBXSourcesBuildPhase section */

/* Begin PBXVariantGroup section */
		4380BA1126AB1565006A25F9 /* Main.storyboard */ = {
			isa = PBXVariantGroup;
			children = (
				4380BA1226AB1565006A25F9 /* Base */,
			);
			name = Main.storyboard;
			sourceTree = "<group>";
		};
		4380BA1626AB1566006A25F9 /* LaunchScreen.storyboard */ = {
			isa = PBXVariantGroup;
			children = (
				4380BA1726AB1566006A25F9 /* Base */,
			);
			name = LaunchScreen.storyboard;
			sourceTree = "<group>";
		};
/* End PBXVariantGroup section */

/* Begin XCBuildConfiguration section */
		4380BA1A26AB1566006A25F9 /* Debug */ = {
			isa = XCBuildConfiguration;
			buildSettings = {
				ALWAYS_SEARCH_USER_PATHS = NO;
				CLANG_ANALYZER_NONNULL = YES;
				CLANG_ANALYZER_NUMBER_OBJECT_CONVERSION = YES_AGGRESSIVE;
				CLANG_CXX_LANGUAGE_STANDARD = "gnu++14";
				CLANG_CXX_LIBRARY = "libc++";
				CLANG_ENABLE_MODULES = YES;
				CLANG_ENABLE_OBJC_ARC = YES;
				CLANG_ENABLE_OBJC_WEAK = YES;
				CLANG_WARN_BLOCK_CAPTURE_AUTORELEASING = YES;
				CLANG_WARN_BOOL_CONVERSION = YES;
				CLANG_WARN_COMMA = YES;
				CLANG_WARN_CONSTANT_CONVERSION = YES;
				CLANG_WARN_DEPRECATED_OBJC_IMPLEMENTATIONS = YES;
				CLANG_WARN_DIRECT_OBJC_ISA_USAGE = YES_ERROR;
				CLANG_WARN_DOCUMENTATION_COMMENTS = YES;
				CLANG_WARN_EMPTY_BODY = YES;
				CLANG_WARN_ENUM_CONVERSION = YES;
				CLANG_WARN_INFINITE_RECURSION = YES;
				CLANG_WARN_INT_CONVERSION = YES;
				CLANG_WARN_NON_LITERAL_NULL_CONVERSION = YES;
				CLANG_WARN_OBJC_IMPLICIT_RETAIN_SELF = YES;
				CLANG_WARN_OBJC_LITERAL_CONVERSION = YES;
				CLANG_WARN_OBJC_ROOT_CLASS = YES_ERROR;
				CLANG_WARN_QUOTED_INCLUDE_IN_FRAMEWORK_HEADER = YES;
				CLANG_WARN_RANGE_LOOP_ANALYSIS = YES;
				CLANG_WARN_STRICT_PROTOTYPES = YES;
				CLANG_WARN_SUSPICIOUS_MOVE = YES;
				CLANG_WARN_UNGUARDED_AVAILABILITY = YES_AGGRESSIVE;
				CLANG_WARN_UNREACHABLE_CODE = YES;
				CLANG_WARN__DUPLICATE_METHOD_MATCH = YES;
				COPY_PHASE_STRIP = NO;
				DEBUG_INFORMATION_FORMAT = dwarf;
				ENABLE_STRICT_OBJC_MSGSEND = YES;
				ENABLE_TESTABILITY = YES;
				GCC_C_LANGUAGE_STANDARD = gnu11;
				GCC_DYNAMIC_NO_PIC = NO;
				GCC_NO_COMMON_BLOCKS = YES;
				GCC_OPTIMIZATION_LEVEL = 0;
				GCC_PREPROCESSOR_DEFINITIONS = (
					"DEBUG=1",
					"$(inherited)",
				);
				GCC_WARN_64_TO_32_BIT_CONVERSION = YES;
				GCC_WARN_ABOUT_RETURN_TYPE = YES_ERROR;
				GCC_WARN_UNDECLARED_SELECTOR = YES;
				GCC_WARN_UNINITIALIZED_AUTOS = YES_AGGRESSIVE;
				GCC_WARN_UNUSED_FUNCTION = YES;
				GCC_WARN_UNUSED_VARIABLE = YES;
				IPHONEOS_DEPLOYMENT_TARGET = 14.5;
				MTL_ENABLE_DEBUG_INFO = INCLUDE_SOURCE;
				MTL_FAST_MATH = YES;
				ONLY_ACTIVE_ARCH = YES;
				SDKROOT = iphoneos;
				SWIFT_ACTIVE_COMPILATION_CONDITIONS = DEBUG;
				SWIFT_OPTIMIZATION_LEVEL = "-Onone";
			};
			name = Debug;
		};
		4380BA1B26AB1566006A25F9 /* Release */ = {
			isa = XCBuildConfiguration;
			buildSettings = {
				ALWAYS_SEARCH_USER_PATHS = NO;
				CLANG_ANALYZER_NONNULL = YES;
				CLANG_ANALYZER_NUMBER_OBJECT_CONVERSION = YES_AGGRESSIVE;
				CLANG_CXX_LANGUAGE_STANDARD = "gnu++14";
				CLANG_CXX_LIBRARY = "libc++";
				CLANG_ENABLE_MODULES = YES;
				CLANG_ENABLE_OBJC_ARC = YES;
				CLANG_ENABLE_OBJC_WEAK = YES;
				CLANG_WARN_BLOCK_CAPTURE_AUTORELEASING = YES;
				CLANG_WARN_BOOL_CONVERSION = YES;
				CLANG_WARN_COMMA = YES;
				CLANG_WARN_CONSTANT_CONVERSION = YES;
				CLANG_WARN_DEPRECATED_OBJC_IMPLEMENTATIONS = YES;
				CLANG_WARN_DIRECT_OBJC_ISA_USAGE = YES_ERROR;
				CLANG_WARN_DOCUMENTATION_COMMENTS = YES;
				CLANG_WARN_EMPTY_BODY = YES;
				CLANG_WARN_ENUM_CONVERSION = YES;
				CLANG_WARN_INFINITE_RECURSION = YES;
				CLANG_WARN_INT_CONVERSION = YES;
				CLANG_WARN_NON_LITERAL_NULL_CONVERSION = YES;
				CLANG_WARN_OBJC_IMPLICIT_RETAIN_SELF = YES;
				CLANG_WARN_OBJC_LITERAL_CONVERSION = YES;
				CLANG_WARN_OBJC_ROOT_CLASS = YES_ERROR;
				CLANG_WARN_QUOTED_INCLUDE_IN_FRAMEWORK_HEADER = YES;
				CLANG_WARN_RANGE_LOOP_ANALYSIS = YES;
				CLANG_WARN_STRICT_PROTOTYPES = YES;
				CLANG_WARN_SUSPICIOUS_MOVE = YES;
				CLANG_WARN_UNGUARDED_AVAILABILITY = YES_AGGRESSIVE;
				CLANG_WARN_UNREACHABLE_CODE = YES;
				CLANG_WARN__DUPLICATE_METHOD_MATCH = YES;
				COPY_PHASE_STRIP = NO;
				DEBUG_INFORMATION_FORMAT = "dwarf-with-dsym";
				ENABLE_NS_ASSERTIONS = NO;
				ENABLE_STRICT_OBJC_MSGSEND = YES;
				GCC_C_LANGUAGE_STANDARD = gnu11;
				GCC_NO_COMMON_BLOCKS = YES;
				GCC_WARN_64_TO_32_BIT_CONVERSION = YES;
				GCC_WARN_ABOUT_RETURN_TYPE = YES_ERROR;
				GCC_WARN_UNDECLARED_SELECTOR = YES;
				GCC_WARN_UNINITIALIZED_AUTOS = YES_AGGRESSIVE;
				GCC_WARN_UNUSED_FUNCTION = YES;
				GCC_WARN_UNUSED_VARIABLE = YES;
				IPHONEOS_DEPLOYMENT_TARGET = 14.5;
				MTL_ENABLE_DEBUG_INFO = NO;
				MTL_FAST_MATH = YES;
				SDKROOT = iphoneos;
				SWIFT_COMPILATION_MODE = wholemodule;
				SWIFT_OPTIMIZATION_LEVEL = "-O";
				VALIDATE_PRODUCT = YES;
			};
			name = Release;
		};
		4380BA1D26AB1566006A25F9 /* Debug */ = {
			isa = XCBuildConfiguration;
			buildSettings = {
				ASSETCATALOG_COMPILER_APPICON_NAME = AppIcon;
				ASSETCATALOG_COMPILER_GLOBAL_ACCENT_COLOR_NAME = AccentColor;
				CODE_SIGN_STYLE = Automatic;
				DEVELOPMENT_TEAM = 9VUUQV7X5U;
				INFOPLIST_FILE = CombineUIKit/Info.plist;
				LD_RUNPATH_SEARCH_PATHS = (
					"$(inherited)",
					"@executable_path/Frameworks",
				);
				PRODUCT_BUNDLE_IDENTIFIER = com.ilmint.CombineUIKit;
				PRODUCT_NAME = "$(TARGET_NAME)";
				SWIFT_VERSION = 5.0;
				TARGETED_DEVICE_FAMILY = "1,2";
			};
			name = Debug;
		};
		4380BA1E26AB1566006A25F9 /* Release */ = {
			isa = XCBuildConfiguration;
			buildSettings = {
				ASSETCATALOG_COMPILER_APPICON_NAME = AppIcon;
				ASSETCATALOG_COMPILER_GLOBAL_ACCENT_COLOR_NAME = AccentColor;
				CODE_SIGN_STYLE = Automatic;
				DEVELOPMENT_TEAM = 9VUUQV7X5U;
				INFOPLIST_FILE = CombineUIKit/Info.plist;
				LD_RUNPATH_SEARCH_PATHS = (
					"$(inherited)",
					"@executable_path/Frameworks",
				);
				PRODUCT_BUNDLE_IDENTIFIER = com.ilmint.CombineUIKit;
				PRODUCT_NAME = "$(TARGET_NAME)";
				SWIFT_VERSION = 5.0;
				TARGETED_DEVICE_FAMILY = "1,2";
			};
			name = Release;
		};
/* End XCBuildConfiguration section */

/* Begin XCConfigurationList section */
		4380BA0326AB1565006A25F9 /* Build configuration list for PBXProject "CombineUIKit" */ = {
			isa = XCConfigurationList;
			buildConfigurations = (
				4380BA1A26AB1566006A25F9 /* Debug */,
				4380BA1B26AB1566006A25F9 /* Release */,
			);
			defaultConfigurationIsVisible = 0;
			defaultConfigurationName = Release;
		};
		4380BA1C26AB1566006A25F9 /* Build configuration list for PBXNativeTarget "CombineUIKit" */ = {
			isa = XCConfigurationList;
			buildConfigurations = (
				4380BA1D26AB1566006A25F9 /* Debug */,
				4380BA1E26AB1566006A25F9 /* Release */,
			);
			defaultConfigurationIsVisible = 0;
			defaultConfigurationName = Release;
		};
/* End XCConfigurationList section */
	};
	rootObject = 4380BA0026AB1565006A25F9 /* Project object */;
}
